
Microsoft Visual Studio Solution File, Format Version 12.00
# Visual Studio Version 17
VisualStudioVersion = 17.6.33815.320
MinimumVisualStudioVersion = 10.0.40219.1
Project("{FAE04EC0-301F-11D3-BF4B-00C04F79EFBC}") = "BlazorAppStudent", "BlazorAppStudent\BlazorAppStudent.csproj", "{8BE271CB-09BA-4BEE-8A65-B62944C7E1B7}"
EndProject
Global
	GlobalSection(SolutionConfigurationPlatforms) = preSolution
		Debug|Any CPU = Debug|Any CPU
		Release|Any CPU = Release|Any CPU
	EndGlobalSection
	GlobalSection(ProjectConfigurationPlatforms) = postSolution
		{8BE271CB-09BA-4BEE-8A65-B62944C7E1B7}.Debug|Any CPU.ActiveCfg = Debug|Any CPU
		{8BE271CB-09BA-4BEE-8A65-B62944C7E1B7}.Debug|Any CPU.Build.0 = Debug|Any CPU
		{8BE271CB-09BA-4BEE-8A65-B62944C7E1B7}.Release|Any CPU.ActiveCfg = Release|Any CPU
		{8BE271CB-09BA-4BEE-8A65-B62944C7E1B7}.Release|Any CPU.Build.0 = Release|Any CPU
	EndGlobalSection
	GlobalSection(SolutionProperties) = preSolution
		HideSolutionNode = FALSE
	EndGlobalSection
	GlobalSection(ExtensibilityGlobals) = postSolution
		SolutionGuid = {FBA4BAA2-5C3C-486D-9CE0-058761482256}
	EndGlobalSection
EndGlobal
